
Microsoft Visual Studio Solution File, Format Version 11.00
# Visual Studio 2010
Project("{FAE04EC0-301F-11D3-BF4B-00C04F79EFBC}") = "ggAPI_Demo", "ggAPI_Demo\ggAPI_Demo.csproj", "{17ED17EF-463A-4E03-96F4-32B0BDB423FB}"
EndProject
Project("{FAE04EC0-301F-11D3-BF4B-00C04F79EFBC}") = "ggApi", "ggApi\ggApi.csproj", "{6B3D2C7D-621A-44AF-A70B-A9200E28595C}"
EndProject
Global
	GlobalSection(SolutionConfigurationPlatforms) = preSolution
		Debug|Any CPU = Debug|Any CPU
		Debug|Mixed Platforms = Debug|Mixed Platforms
		Debug|x86 = Debug|x86
		Release|Any CPU = Release|Any CPU
		Release|Mixed Platforms = Release|Mixed Platforms
		Release|x86 = Release|x86
	EndGlobalSection
	GlobalSection(ProjectConfigurationPlatforms) = postSolution
		{17ED17EF-463A-4E03-96F4-32B0BDB423FB}.Debug|Any CPU.ActiveCfg = Debug|x86
		{17ED17EF-463A-4E03-96F4-32B0BDB423FB}.Debug|Mixed Platforms.ActiveCfg = Debug|x86
		{17ED17EF-463A-4E03-96F4-32B0BDB423FB}.Debug|Mixed Platforms.Build.0 = Debug|x86
		{17ED17EF-463A-4E03-96F4-32B0BDB423FB}.Debug|x86.ActiveCfg = Debug|x86
		{17ED17EF-463A-4E03-96F4-32B0BDB423FB}.Debug|x86.Build.0 = Debug|x86
		{17ED17EF-463A-4E03-96F4-32B0BDB423FB}.Release|Any CPU.ActiveCfg = Release|x86
		{17ED17EF-463A-4E03-96F4-32B0BDB423FB}.Release|Mixed Platforms.ActiveCfg = Release|x86
		{17ED17EF-463A-4E03-96F4-32B0BDB423FB}.Release|Mixed Platforms.Build.0 = Release|x86
		{17ED17EF-463A-4E03-96F4-32B0BDB423FB}.Release|x86.ActiveCfg = Release|x86
		{17ED17EF-463A-4E03-96F4-32B0BDB423FB}.Release|x86.Build.0 = Release|x86
		{6B3D2C7D-621A-44AF-A70B-A9200E28595C}.Debug|Any CPU.ActiveCfg = Debug|Any CPU
		{6B3D2C7D-621A-44AF-A70B-A9200E28595C}.Debug|Any CPU.Build.0 = Debug|Any CPU
		{6B3D2C7D-621A-44AF-A70B-A9200E28595C}.Debug|Mixed Platforms.ActiveCfg = Debug|Any CPU
		{6B3D2C7D-621A-44AF-A70B-A9200E28595C}.Debug|Mixed Platforms.Build.0 = Debug|Any CPU
		{6B3D2C7D-621A-44AF-A70B-A9200E28595C}.Debug|x86.ActiveCfg = Debug|Any CPU
		{6B3D2C7D-621A-44AF-A70B-A9200E28595C}.Release|Any CPU.ActiveCfg = Release|Any CPU
		{6B3D2C7D-621A-44AF-A70B-A9200E28595C}.Release|Any CPU.Build.0 = Release|Any CPU
		{6B3D2C7D-621A-44AF-A70B-A9200E28595C}.Release|Mixed Platforms.ActiveCfg = Release|Any CPU
		{6B3D2C7D-621A-44AF-A70B-A9200E28595C}.Release|Mixed Platforms.Build.0 = Release|Any CPU
		{6B3D2C7D-621A-44AF-A70B-A9200E28595C}.Release|x86.ActiveCfg = Release|Any CPU
	EndGlobalSection
	GlobalSection(SolutionProperties) = preSolution
		HideSolutionNode = FALSE
	EndGlobalSection
EndGlobal
